
Microsoft Visual Studio Solution File, Format Version 12.00
# Visual Studio Version 17
VisualStudioVersion = 17.10.34928.147
MinimumVisualStudioVersion = 10.0.40219.1
Project("{FAE04EC0-301F-11D3-BF4B-00C04F79EFBC}") = "TechTestCRUD", "TechTestCRUD\TechTestCRUD.csproj", "{22FFBEC0-420E-4E88-B32B-E201FEB933F9}"
EndProject
Global
	GlobalSection(SolutionConfigurationPlatforms) = preSolution
		Debug|Any CPU = Debug|Any CPU
		Release|Any CPU = Release|Any CPU
	EndGlobalSection
	GlobalSection(ProjectConfigurationPlatforms) = postSolution
		{22FFBEC0-420E-4E88-B32B-E201FEB933F9}.Debug|Any CPU.ActiveCfg = Debug|Any CPU
		{22FFBEC0-420E-4E88-B32B-E201FEB933F9}.Debug|Any CPU.Build.0 = Debug|Any CPU
		{22FFBEC0-420E-4E88-B32B-E201FEB933F9}.Release|Any CPU.ActiveCfg = Release|Any CPU
		{22FFBEC0-420E-4E88-B32B-E201FEB933F9}.Release|Any CPU.Build.0 = Release|Any CPU
	EndGlobalSection
	GlobalSection(SolutionProperties) = preSolution
		HideSolutionNode = FALSE
	EndGlobalSection
	GlobalSection(ExtensibilityGlobals) = postSolution
		SolutionGuid = {54DE25AB-CD36-4F81-8A79-25C85B62C4AC}
	EndGlobalSection
EndGlobal
